// !$*UTF8*$!
{
	archiveVersion = 1;
	classes = {
	};
	objectVersion = 46;
	objects = {

/* Begin PBXBuildFile section */
		CC5155741F0555F100440F85 /* main.m in Sources */ = {isa = PBXBuildFile; fileRef = CC5155731F0555F100440F85 /* main.m */; };
		CC5155771F0555F100440F85 /* AppDelegate.m in Sources */ = {isa = PBXBuildFile; fileRef = CC5155761F0555F100440F85 /* AppDelegate.m */; };
		CC51557A1F0555F100440F85 /* ViewController.m in Sources */ = {isa = PBXBuildFile; fileRef = CC5155791F0555F100440F85 /* ViewController.m */; };
		CC51557D1F0555F100440F85 /* Main.storyboard in Resources */ = {isa = PBXBuildFile; fileRef = CC51557B1F0555F100440F85 /* Main.storyboard */; };
		CC51557F1F0555F100440F85 /* Assets.xcassets in Resources */ = {isa = PBXBuildFile; fileRef = CC51557E1F0555F100440F85 /* Assets.xcassets */; };
		CC5155821F0555F100440F85 /* LaunchScreen.storyboard in Resources */ = {isa = PBXBuildFile; fileRef = CC5155801F0555F100440F85 /* LaunchScreen.storyboard */; };
		CC51558D1F0565AF00440F85 /* VKSideMenu.m in Sources */ = {isa = PBXBuildFile; fileRef = CC51558C1F0565AF00440F85 /* VKSideMenu.m */; };
		CC5155961F05854800440F85 /* AddCardViewController.m in Sources */ = {isa = PBXBuildFile; fileRef = CC5155951F05854800440F85 /* AddCardViewController.m */; };
		CC5155A91F06474B00440F85 /* NotificationCenter.framework in Frameworks */ = {isa = PBXBuildFile; fileRef = CC5155A81F06474B00440F85 /* NotificationCenter.framework */; };
		CC5155AD1F06474B00440F85 /* TodayViewController.m in Sources */ = {isa = PBXBuildFile; fileRef = CC5155AC1F06474B00440F85 /* TodayViewController.m */; };
		CC5155B01F06474B00440F85 /* MainInterface.storyboard in Resources */ = {isa = PBXBuildFile; fileRef = CC5155AE1F06474B00440F85 /* MainInterface.storyboard */; };
		CC5155B41F06474B00440F85 /* MaxiWidget.appex in Embed App Extensions */ = {isa = PBXBuildFile; fileRef = CC5155A61F06474B00440F85 /* MaxiWidget.appex */; settings = {ATTRIBUTES = (RemoveHeadersOnCopy, ); }; };
		CC5155B91F064EEE00440F85 /* Assets.xcassets in Resources */ = {isa = PBXBuildFile; fileRef = CC51557E1F0555F100440F85 /* Assets.xcassets */; };
		CC5155C71F06522B00440F85 /* MaxiQRCodeKit.framework in Frameworks */ = {isa = PBXBuildFile; fileRef = CC5155C01F06522B00440F85 /* MaxiQRCodeKit.framework */; };
		CC5155C81F06522B00440F85 /* MaxiQRCodeKit.framework in Embed Frameworks */ = {isa = PBXBuildFile; fileRef = CC5155C01F06522B00440F85 /* MaxiQRCodeKit.framework */; settings = {ATTRIBUTES = (CodeSignOnCopy, RemoveHeadersOnCopy, ); }; };
		CC5155DB1F06535200440F85 /* CardManager.m in Sources */ = {isa = PBXBuildFile; fileRef = CC5155D31F06535200440F85 /* CardManager.m */; };
		CC5155DC1F06535200440F85 /* Card.h in Headers */ = {isa = PBXBuildFile; fileRef = CC5155D51F06535200440F85 /* Card.h */; settings = {ATTRIBUTES = (Public, ); }; };
		CC5155DD1F06535200440F85 /* Card.m in Sources */ = {isa = PBXBuildFile; fileRef = CC5155D61F06535200440F85 /* Card.m */; };
		CC5155DE1F06535200440F85 /* QRGenerator.h in Headers */ = {isa = PBXBuildFile; fileRef = CC5155D81F06535200440F85 /* QRGenerator.h */; settings = {ATTRIBUTES = (Public, ); }; };
		CC5155DF1F06535200440F85 /* QRGenerator.m in Sources */ = {isa = PBXBuildFile; fileRef = CC5155D91F06535200440F85 /* QRGenerator.m */; };
		CC5155E11F0653F300440F85 /* MaxiQRCodeKit.h in Headers */ = {isa = PBXBuildFile; fileRef = CC5155E01F0653F300440F85 /* MaxiQRCodeKit.h */; };
		CC5155E31F06812E00440F85 /* CardManager.h in Headers */ = {isa = PBXBuildFile; fileRef = CC5155D21F06535200440F85 /* CardManager.h */; settings = {ATTRIBUTES = (Public, ); }; };
		CC5155E61F0683C700440F85 /* MaxiQRCodeKit.framework in Frameworks */ = {isa = PBXBuildFile; fileRef = CC5155C01F06522B00440F85 /* MaxiQRCodeKit.framework */; };
/* End PBXBuildFile section */

/* Begin PBXContainerItemProxy section */
		CC5155B21F06474B00440F85 /* PBXContainerItemProxy */ = {
			isa = PBXContainerItemProxy;
			containerPortal = CC5155671F0555F100440F85 /* Project object */;
			proxyType = 1;
			remoteGlobalIDString = CC5155A51F06474B00440F85;
			remoteInfo = MaxiWidget;
		};
		CC5155C51F06522B00440F85 /* PBXContainerItemProxy */ = {
			isa = PBXContainerItemProxy;
			containerPortal = CC5155671F0555F100440F85 /* Project object */;
			proxyType = 1;
			remoteGlobalIDString = CC5155BF1F06522B00440F85;
			remoteInfo = MaxiQRCodeKit;
		};
		CC5155E41F0683B100440F85 /* PBXContainerItemProxy */ = {
			isa = PBXContainerItemProxy;
			containerPortal = CC5155671F0555F100440F85 /* Project object */;
			proxyType = 1;
			remoteGlobalIDString = CC5155BF1F06522B00440F85;
			remoteInfo = MaxiQRCodeKit;
		};
/* End PBXContainerItemProxy section */

/* Begin PBXCopyFilesBuildPhase section */
		CC5155B81F06474B00440F85 /* Embed App Extensions */ = {
			isa = PBXCopyFilesBuildPhase;
			buildActionMask = 2147483647;
			dstPath = "";
			dstSubfolderSpec = 13;
			files = (
				CC5155B41F06474B00440F85 /* MaxiWidget.appex in Embed App Extensions */,
			);
			name = "Embed App Extensions";
			runOnlyForDeploymentPostprocessing = 0;
		};
		CC5155CC1F06522B00440F85 /* Embed Frameworks */ = {
			isa = PBXCopyFilesBuildPhase;
			buildActionMask = 2147483647;
			dstPath = "";
			dstSubfolderSpec = 10;
			files = (
				CC5155C81F06522B00440F85 /* MaxiQRCodeKit.framework in Embed Frameworks */,
			);
			name = "Embed Frameworks";
			runOnlyForDeploymentPostprocessing = 0;
		};
/* End PBXCopyFilesBuildPhase section */

/* Begin PBXFileReference section */
		CC51556F1F0555F100440F85 /* Maxi.app */ = {isa = PBXFileReference; explicitFileType = wrapper.application; includeInIndex = 0; path = Maxi.app; sourceTree = BUILT_PRODUCTS_DIR; };
		CC5155731F0555F100440F85 /* main.m */ = {isa = PBXFileReference; lastKnownFileType = sourcecode.c.objc; path = main.m; sourceTree = "<group>"; };
		CC5155751F0555F100440F85 /* AppDelegate.h */ = {isa = PBXFileReference; lastKnownFileType = sourcecode.c.h; path = AppDelegate.h; sourceTree = "<group>"; };
		CC5155761F0555F100440F85 /* AppDelegate.m */ = {isa = PBXFileReference; lastKnownFileType = sourcecode.c.objc; path = AppDelegate.m; sourceTree = "<group>"; };
		CC5155781F0555F100440F85 /* ViewController.h */ = {isa = PBXFileReference; lastKnownFileType = sourcecode.c.h; path = ViewController.h; sourceTree = "<group>"; };
		CC5155791F0555F100440F85 /* ViewController.m */ = {isa = PBXFileReference; lastKnownFileType = sourcecode.c.objc; path = ViewController.m; sourceTree = "<group>"; };
		CC51557C1F0555F100440F85 /* Base */ = {isa = PBXFileReference; lastKnownFileType = file.storyboard; name = Base; path = Base.lproj/Main.storyboard; sourceTree = "<group>"; };
		CC51557E1F0555F100440F85 /* Assets.xcassets */ = {isa = PBXFileReference; lastKnownFileType = folder.assetcatalog; path = Assets.xcassets; sourceTree = "<group>"; };
		CC5155811F0555F100440F85 /* Base */ = {isa = PBXFileReference; lastKnownFileType = file.storyboard; name = Base; path = Base.lproj/LaunchScreen.storyboard; sourceTree = "<group>"; };
		CC5155831F0555F100440F85 /* Info.plist */ = {isa = PBXFileReference; lastKnownFileType = text.plist.xml; path = Info.plist; sourceTree = "<group>"; };
		CC51558B1F0565AF00440F85 /* VKSideMenu.h */ = {isa = PBXFileReference; fileEncoding = 4; lastKnownFileType = sourcecode.c.h; path = VKSideMenu.h; sourceTree = "<group>"; };
		CC51558C1F0565AF00440F85 /* VKSideMenu.m */ = {isa = PBXFileReference; fileEncoding = 4; lastKnownFileType = sourcecode.c.objc; path = VKSideMenu.m; sourceTree = "<group>"; };
		CC5155941F05854800440F85 /* AddCardViewController.h */ = {isa = PBXFileReference; fileEncoding = 4; lastKnownFileType = sourcecode.c.h; name = AddCardViewController.h; path = Card/Controller/AddCardViewController.h; sourceTree = "<group>"; };
		CC5155951F05854800440F85 /* AddCardViewController.m */ = {isa = PBXFileReference; fileEncoding = 4; lastKnownFileType = sourcecode.c.objc; name = AddCardViewController.m; path = Card/Controller/AddCardViewController.m; sourceTree = "<group>"; };
		CC5155A61F06474B00440F85 /* MaxiWidget.appex */ = {isa = PBXFileReference; explicitFileType = "wrapper.app-extension"; includeInIndex = 0; path = MaxiWidget.appex; sourceTree = BUILT_PRODUCTS_DIR; };
		CC5155A81F06474B00440F85 /* NotificationCenter.framework */ = {isa = PBXFileReference; lastKnownFileType = wrapper.framework; name = NotificationCenter.framework; path = System/Library/Frameworks/NotificationCenter.framework; sourceTree = SDKROOT; };
		CC5155AB1F06474B00440F85 /* TodayViewController.h */ = {isa = PBXFileReference; lastKnownFileType = sourcecode.c.h; path = TodayViewController.h; sourceTree = "<group>"; };
		CC5155AC1F06474B00440F85 /* TodayViewController.m */ = {isa = PBXFileReference; lastKnownFileType = sourcecode.c.objc; path = TodayViewController.m; sourceTree = "<group>"; };
		CC5155AF1F06474B00440F85 /* Base */ = {isa = PBXFileReference; lastKnownFileType = file.storyboard; name = Base; path = Base.lproj/MainInterface.storyboard; sourceTree = "<group>"; };
		CC5155B11F06474B00440F85 /* Info.plist */ = {isa = PBXFileReference; lastKnownFileType = text.plist.xml; path = Info.plist; sourceTree = "<group>"; };
		CC5155C01F06522B00440F85 /* MaxiQRCodeKit.framework */ = {isa = PBXFileReference; explicitFileType = wrapper.framework; includeInIndex = 0; path = MaxiQRCodeKit.framework; sourceTree = BUILT_PRODUCTS_DIR; };
		CC5155C31F06522B00440F85 /* Info.plist */ = {isa = PBXFileReference; lastKnownFileType = text.plist.xml; path = Info.plist; sourceTree = "<group>"; };
		CC5155D21F06535200440F85 /* CardManager.h */ = {isa = PBXFileReference; fileEncoding = 4; lastKnownFileType = sourcecode.c.h; path = CardManager.h; sourceTree = "<group>"; };
		CC5155D31F06535200440F85 /* CardManager.m */ = {isa = PBXFileReference; fileEncoding = 4; lastKnownFileType = sourcecode.c.objc; path = CardManager.m; sourceTree = "<group>"; };
		CC5155D51F06535200440F85 /* Card.h */ = {isa = PBXFileReference; fileEncoding = 4; lastKnownFileType = sourcecode.c.h; path = Card.h; sourceTree = "<group>"; };
		CC5155D61F06535200440F85 /* Card.m */ = {isa = PBXFileReference; fileEncoding = 4; lastKnownFileType = sourcecode.c.objc; path = Card.m; sourceTree = "<group>"; };
		CC5155D81F06535200440F85 /* QRGenerator.h */ = {isa = PBXFileReference; fileEncoding = 4; lastKnownFileType = sourcecode.c.h; path = QRGenerator.h; sourceTree = "<group>"; };
		CC5155D91F06535200440F85 /* QRGenerator.m */ = {isa = PBXFileReference; fileEncoding = 4; lastKnownFileType = sourcecode.c.objc; path = QRGenerator.m; sourceTree = "<group>"; };
		CC5155E01F0653F300440F85 /* MaxiQRCodeKit.h */ = {isa = PBXFileReference; fileEncoding = 4; lastKnownFileType = sourcecode.c.h; path = MaxiQRCodeKit.h; sourceTree = "<group>"; };
		CC5155E71F06847C00440F85 /* Maxi.entitlements */ = {isa = PBXFileReference; lastKnownFileType = text.plist.entitlements; path = Maxi.entitlements; sourceTree = "<group>"; };
		CC5155E81F0684A300440F85 /* MaxiWidget.entitlements */ = {isa = PBXFileReference; lastKnownFileType = text.plist.entitlements; path = MaxiWidget.entitlements; sourceTree = "<group>"; };
/* End PBXFileReference section */

/* Begin PBXFrameworksBuildPhase section */
		CC51556C1F0555F100440F85 /* Frameworks */ = {
			isa = PBXFrameworksBuildPhase;
			buildActionMask = 2147483647;
			files = (
				CC5155C71F06522B00440F85 /* MaxiQRCodeKit.framework in Frameworks */,
			);
			runOnlyForDeploymentPostprocessing = 0;
		};
		CC5155A31F06474B00440F85 /* Frameworks */ = {
			isa = PBXFrameworksBuildPhase;
			buildActionMask = 2147483647;
			files = (
				CC5155E61F0683C700440F85 /* MaxiQRCodeKit.framework in Frameworks */,
				CC5155A91F06474B00440F85 /* NotificationCenter.framework in Frameworks */,
			);
			runOnlyForDeploymentPostprocessing = 0;
		};
		CC5155BC1F06522B00440F85 /* Frameworks */ = {
			isa = PBXFrameworksBuildPhase;
			buildActionMask = 2147483647;
			files = (
			);
			runOnlyForDeploymentPostprocessing = 0;
		};
/* End PBXFrameworksBuildPhase section */

/* Begin PBXGroup section */
		CC5155661F0555F100440F85 = {
			isa = PBXGroup;
			children = (
				CC5155711F0555F100440F85 /* Maxi */,
				CC5155AA1F06474B00440F85 /* MaxiWidget */,
				CC5155C11F06522B00440F85 /* MaxiQRCodeKit */,
				CC5155A71F06474B00440F85 /* Frameworks */,
				CC5155701F0555F100440F85 /* Products */,
			);
			sourceTree = "<group>";
		};
		CC5155701F0555F100440F85 /* Products */ = {
			isa = PBXGroup;
			children = (
				CC51556F1F0555F100440F85 /* Maxi.app */,
				CC5155A61F06474B00440F85 /* MaxiWidget.appex */,
				CC5155C01F06522B00440F85 /* MaxiQRCodeKit.framework */,
			);
			name = Products;
			sourceTree = "<group>";
		};
		CC5155711F0555F100440F85 /* Maxi */ = {
			isa = PBXGroup;
			children = (
				CC5155E71F06847C00440F85 /* Maxi.entitlements */,
				CC5155901F05848700440F85 /* Application */,
				CC5155911F0584B100440F85 /* Card */,
				CC51558E1F05845E00440F85 /* Main */,
				CC51557B1F0555F100440F85 /* Main.storyboard */,
				CC51557E1F0555F100440F85 /* Assets.xcassets */,
				CC5155801F0555F100440F85 /* LaunchScreen.storyboard */,
				CC5155831F0555F100440F85 /* Info.plist */,
				CC5155721F0555F100440F85 /* Supporting Files */,
			);
			path = Maxi;
			sourceTree = "<group>";
		};
		CC5155721F0555F100440F85 /* Supporting Files */ = {
			isa = PBXGroup;
			children = (
				CC5155731F0555F100440F85 /* main.m */,
			);
			name = "Supporting Files";
			sourceTree = "<group>";
		};
		CC5155891F05659C00440F85 /* Lib */ = {
			isa = PBXGroup;
			children = (
				CC51558A1F0565AF00440F85 /* VKSideMenu */,
			);
			name = Lib;
			sourceTree = "<group>";
		};
		CC51558A1F0565AF00440F85 /* VKSideMenu */ = {
			isa = PBXGroup;
			children = (
				CC51558B1F0565AF00440F85 /* VKSideMenu.h */,
				CC51558C1F0565AF00440F85 /* VKSideMenu.m */,
			);
			path = VKSideMenu;
			sourceTree = "<group>";
		};
		CC51558E1F05845E00440F85 /* Main */ = {
			isa = PBXGroup;
			children = (
				CC5155891F05659C00440F85 /* Lib */,
				CC51558F1F05847100440F85 /* Controller */,
			);
			name = Main;
			sourceTree = "<group>";
		};
		CC51558F1F05847100440F85 /* Controller */ = {
			isa = PBXGroup;
			children = (
				CC5155781F0555F100440F85 /* ViewController.h */,
				CC5155791F0555F100440F85 /* ViewController.m */,
			);
			name = Controller;
			sourceTree = "<group>";
		};
		CC5155901F05848700440F85 /* Application */ = {
			isa = PBXGroup;
			children = (
				CC5155751F0555F100440F85 /* AppDelegate.h */,
				CC5155761F0555F100440F85 /* AppDelegate.m */,
			);
			name = Application;
			sourceTree = "<group>";
		};
		CC5155911F0584B100440F85 /* Card */ = {
			isa = PBXGroup;
			children = (
				CC5155921F0584D500440F85 /* Controller */,
			);
			name = Card;
			sourceTree = "<group>";
		};
		CC5155921F0584D500440F85 /* Controller */ = {
			isa = PBXGroup;
			children = (
				CC5155941F05854800440F85 /* AddCardViewController.h */,
				CC5155951F05854800440F85 /* AddCardViewController.m */,
			);
			name = Controller;
			sourceTree = "<group>";
		};
		CC5155A71F06474B00440F85 /* Frameworks */ = {
			isa = PBXGroup;
			children = (
				CC5155A81F06474B00440F85 /* NotificationCenter.framework */,
			);
			name = Frameworks;
			sourceTree = "<group>";
		};
		CC5155AA1F06474B00440F85 /* MaxiWidget */ = {
			isa = PBXGroup;
			children = (
				CC5155E81F0684A300440F85 /* MaxiWidget.entitlements */,
				CC5155AB1F06474B00440F85 /* TodayViewController.h */,
				CC5155AC1F06474B00440F85 /* TodayViewController.m */,
				CC5155AE1F06474B00440F85 /* MainInterface.storyboard */,
				CC5155B11F06474B00440F85 /* Info.plist */,
			);
			path = MaxiWidget;
			sourceTree = "<group>";
		};
		CC5155C11F06522B00440F85 /* MaxiQRCodeKit */ = {
			isa = PBXGroup;
			children = (
				CC5155E01F0653F300440F85 /* MaxiQRCodeKit.h */,
				CC5155D11F06535200440F85 /* Manager */,
				CC5155D41F06535200440F85 /* Model */,
				CC5155D71F06535200440F85 /* QR generator */,
				CC5155C31F06522B00440F85 /* Info.plist */,
			);
			path = MaxiQRCodeKit;
			sourceTree = "<group>";
		};
		CC5155D11F06535200440F85 /* Manager */ = {
			isa = PBXGroup;
			children = (
				CC5155D21F06535200440F85 /* CardManager.h */,
				CC5155D31F06535200440F85 /* CardManager.m */,
			);
			path = Manager;
			sourceTree = "<group>";
		};
		CC5155D41F06535200440F85 /* Model */ = {
			isa = PBXGroup;
			children = (
				CC5155D51F06535200440F85 /* Card.h */,
				CC5155D61F06535200440F85 /* Card.m */,
			);
			path = Model;
			sourceTree = "<group>";
		};
		CC5155D71F06535200440F85 /* QR generator */ = {
			isa = PBXGroup;
			children = (
				CC5155D81F06535200440F85 /* QRGenerator.h */,
				CC5155D91F06535200440F85 /* QRGenerator.m */,
			);
			path = "QR generator";
			sourceTree = "<group>";
		};
/* End PBXGroup section */

/* Begin PBXHeadersBuildPhase section */
		CC5155BD1F06522B00440F85 /* Headers */ = {
			isa = PBXHeadersBuildPhase;
			buildActionMask = 2147483647;
			files = (
				CC5155DE1F06535200440F85 /* QRGenerator.h in Headers */,
				CC5155E31F06812E00440F85 /* CardManager.h in Headers */,
				CC5155DC1F06535200440F85 /* Card.h in Headers */,
				CC5155E11F0653F300440F85 /* MaxiQRCodeKit.h in Headers */,
			);
			runOnlyForDeploymentPostprocessing = 0;
		};
/* End PBXHeadersBuildPhase section */

/* Begin PBXNativeTarget section */
		CC51556E1F0555F100440F85 /* Maxi */ = {
			isa = PBXNativeTarget;
			buildConfigurationList = CC5155861F0555F100440F85 /* Build configuration list for PBXNativeTarget "Maxi" */;
			buildPhases = (
				CC51556B1F0555F100440F85 /* Sources */,
				CC51556C1F0555F100440F85 /* Frameworks */,
				CC51556D1F0555F100440F85 /* Resources */,
				CC5155B81F06474B00440F85 /* Embed App Extensions */,
				CC5155CC1F06522B00440F85 /* Embed Frameworks */,
			);
			buildRules = (
			);
			dependencies = (
				CC5155B31F06474B00440F85 /* PBXTargetDependency */,
				CC5155C61F06522B00440F85 /* PBXTargetDependency */,
			);
			name = Maxi;
			productName = Maxi;
			productReference = CC51556F1F0555F100440F85 /* Maxi.app */;
			productType = "com.apple.product-type.application";
		};
		CC5155A51F06474B00440F85 /* MaxiWidget */ = {
			isa = PBXNativeTarget;
			buildConfigurationList = CC5155B51F06474B00440F85 /* Build configuration list for PBXNativeTarget "MaxiWidget" */;
			buildPhases = (
				CC5155A21F06474B00440F85 /* Sources */,
				CC5155A31F06474B00440F85 /* Frameworks */,
				CC5155A41F06474B00440F85 /* Resources */,
			);
			buildRules = (
			);
			dependencies = (
				CC5155E51F0683B100440F85 /* PBXTargetDependency */,
			);
			name = MaxiWidget;
			productName = MaxiWidget;
			productReference = CC5155A61F06474B00440F85 /* MaxiWidget.appex */;
			productType = "com.apple.product-type.app-extension";
		};
		CC5155BF1F06522B00440F85 /* MaxiQRCodeKit */ = {
			isa = PBXNativeTarget;
			buildConfigurationList = CC5155C91F06522B00440F85 /* Build configuration list for PBXNativeTarget "MaxiQRCodeKit" */;
			buildPhases = (
				CC5155BB1F06522B00440F85 /* Sources */,
				CC5155BC1F06522B00440F85 /* Frameworks */,
				CC5155BD1F06522B00440F85 /* Headers */,
				CC5155BE1F06522B00440F85 /* Resources */,
			);
			buildRules = (
			);
			dependencies = (
			);
			name = MaxiQRCodeKit;
			productName = MaxiQRCodeKit;
			productReference = CC5155C01F06522B00440F85 /* MaxiQRCodeKit.framework */;
			productType = "com.apple.product-type.framework";
		};
/* End PBXNativeTarget section */

/* Begin PBXProject section */
		CC5155671F0555F100440F85 /* Project object */ = {
			isa = PBXProject;
			attributes = {
				LastUpgradeCheck = 0830;
				ORGANIZATIONNAME = mpkupriyanov;
				TargetAttributes = {
					CC51556E1F0555F100440F85 = {
						CreatedOnToolsVersion = 8.3.2;
						DevelopmentTeam = 5KA5NH492Q;
						ProvisioningStyle = Automatic;
						SystemCapabilities = {
							com.apple.ApplicationGroups.iOS = {
								enabled = 1;
							};
						};
					};
					CC5155A51F06474B00440F85 = {
						CreatedOnToolsVersion = 8.3.2;
						DevelopmentTeam = 5KA5NH492Q;
						ProvisioningStyle = Automatic;
						SystemCapabilities = {
							com.apple.ApplicationGroups.iOS = {
								enabled = 1;
							};
						};
					};
					CC5155BF1F06522B00440F85 = {
						CreatedOnToolsVersion = 8.3.2;
						DevelopmentTeam = 5KA5NH492Q;
						ProvisioningStyle = Automatic;
					};
				};
			};
			buildConfigurationList = CC51556A1F0555F100440F85 /* Build configuration list for PBXProject "Maxi" */;
			compatibilityVersion = "Xcode 3.2";
			developmentRegion = English;
			hasScannedForEncodings = 0;
			knownRegions = (
				en,
				Base,
			);
			mainGroup = CC5155661F0555F100440F85;
			productRefGroup = CC5155701F0555F100440F85 /* Products */;
			projectDirPath = "";
			projectRoot = "";
			targets = (
				CC51556E1F0555F100440F85 /* Maxi */,
				CC5155A51F06474B00440F85 /* MaxiWidget */,
				CC5155BF1F06522B00440F85 /* MaxiQRCodeKit */,
			);
		};
/* End PBXProject section */

/* Begin PBXResourcesBuildPhase section */
		CC51556D1F0555F100440F85 /* Resources */ = {
			isa = PBXResourcesBuildPhase;
			buildActionMask = 2147483647;
			files = (
				CC5155821F0555F100440F85 /* LaunchScreen.storyboard in Resources */,
				CC51557F1F0555F100440F85 /* Assets.xcassets in Resources */,
				CC51557D1F0555F100440F85 /* Main.storyboard in Resources */,
			);
			runOnlyForDeploymentPostprocessing = 0;
		};
		CC5155A41F06474B00440F85 /* Resources */ = {
			isa = PBXResourcesBuildPhase;
			buildActionMask = 2147483647;
			files = (
				CC5155B91F064EEE00440F85 /* Assets.xcassets in Resources */,
				CC5155B01F06474B00440F85 /* MainInterface.storyboard in Resources */,
			);
			runOnlyForDeploymentPostprocessing = 0;
		};
		CC5155BE1F06522B00440F85 /* Resources */ = {
			isa = PBXResourcesBuildPhase;
			buildActionMask = 2147483647;
			files = (
			);
			runOnlyForDeploymentPostprocessing = 0;
		};
/* End PBXResourcesBuildPhase section */

/* Begin PBXSourcesBuildPhase section */
		CC51556B1F0555F100440F85 /* Sources */ = {
			isa = PBXSourcesBuildPhase;
			buildActionMask = 2147483647;
			files = (
				CC51557A1F0555F100440F85 /* ViewController.m in Sources */,
				CC5155771F0555F100440F85 /* AppDelegate.m in Sources */,
				CC51558D1F0565AF00440F85 /* VKSideMenu.m in Sources */,
				CC5155961F05854800440F85 /* AddCardViewController.m in Sources */,
				CC5155741F0555F100440F85 /* main.m in Sources */,
			);
			runOnlyForDeploymentPostprocessing = 0;
		};
		CC5155A21F06474B00440F85 /* Sources */ = {
			isa = PBXSourcesBuildPhase;
			buildActionMask = 2147483647;
			files = (
				CC5155AD1F06474B00440F85 /* TodayViewController.m in Sources */,
			);
			runOnlyForDeploymentPostprocessing = 0;
		};
		CC5155BB1F06522B00440F85 /* Sources */ = {
			isa = PBXSourcesBuildPhase;
			buildActionMask = 2147483647;
			files = (
				CC5155DB1F06535200440F85 /* CardManager.m in Sources */,
				CC5155DF1F06535200440F85 /* QRGenerator.m in Sources */,
				CC5155DD1F06535200440F85 /* Card.m in Sources */,
			);
			runOnlyForDeploymentPostprocessing = 0;
		};
/* End PBXSourcesBuildPhase section */

/* Begin PBXTargetDependency section */
		CC5155B31F06474B00440F85 /* PBXTargetDependency */ = {
			isa = PBXTargetDependency;
			target = CC5155A51F06474B00440F85 /* MaxiWidget */;
			targetProxy = CC5155B21F06474B00440F85 /* PBXContainerItemProxy */;
		};
		CC5155C61F06522B00440F85 /* PBXTargetDependency */ = {
			isa = PBXTargetDependency;
			target = CC5155BF1F06522B00440F85 /* MaxiQRCodeKit */;
			targetProxy = CC5155C51F06522B00440F85 /* PBXContainerItemProxy */;
		};
		CC5155E51F0683B100440F85 /* PBXTargetDependency */ = {
			isa = PBXTargetDependency;
			target = CC5155BF1F06522B00440F85 /* MaxiQRCodeKit */;
			targetProxy = CC5155E41F0683B100440F85 /* PBXContainerItemProxy */;
		};
/* End PBXTargetDependency section */

/* Begin PBXVariantGroup section */
		CC51557B1F0555F100440F85 /* Main.storyboard */ = {
			isa = PBXVariantGroup;
			children = (
				CC51557C1F0555F100440F85 /* Base */,
			);
			name = Main.storyboard;
			sourceTree = "<group>";
		};
		CC5155801F0555F100440F85 /* LaunchScreen.storyboard */ = {
			isa = PBXVariantGroup;
			children = (
				CC5155811F0555F100440F85 /* Base */,
			);
			name = LaunchScreen.storyboard;
			sourceTree = "<group>";
		};
		CC5155AE1F06474B00440F85 /* MainInterface.storyboard */ = {
			isa = PBXVariantGroup;
			children = (
				CC5155AF1F06474B00440F85 /* Base */,
			);
			name = MainInterface.storyboard;
			sourceTree = "<group>";
		};
/* End PBXVariantGroup section */

/* Begin XCBuildConfiguration section */
		CC5155841F0555F100440F85 /* Debug */ = {
			isa = XCBuildConfiguration;
			buildSettings = {
				ALWAYS_SEARCH_USER_PATHS = NO;
				CLANG_ANALYZER_NONNULL = YES;
				CLANG_ANALYZER_NUMBER_OBJECT_CONVERSION = YES_AGGRESSIVE;
				CLANG_CXX_LANGUAGE_STANDARD = "gnu++0x";
				CLANG_CXX_LIBRARY = "libc++";
				CLANG_ENABLE_MODULES = YES;
				CLANG_ENABLE_OBJC_ARC = YES;
				CLANG_WARN_BOOL_CONVERSION = YES;
				CLANG_WARN_CONSTANT_CONVERSION = YES;
				CLANG_WARN_DIRECT_OBJC_ISA_USAGE = YES_ERROR;
				CLANG_WARN_DOCUMENTATION_COMMENTS = YES;
				CLANG_WARN_EMPTY_BODY = YES;
				CLANG_WARN_ENUM_CONVERSION = YES;
				CLANG_WARN_INFINITE_RECURSION = YES;
				CLANG_WARN_INT_CONVERSION = YES;
				CLANG_WARN_OBJC_ROOT_CLASS = YES_ERROR;
				CLANG_WARN_SUSPICIOUS_MOVE = YES;
				CLANG_WARN_UNREACHABLE_CODE = YES;
				CLANG_WARN__DUPLICATE_METHOD_MATCH = YES;
				"CODE_SIGN_IDENTITY[sdk=iphoneos*]" = "iPhone Developer";
				COPY_PHASE_STRIP = NO;
				DEBUG_INFORMATION_FORMAT = dwarf;
				ENABLE_STRICT_OBJC_MSGSEND = YES;
				ENABLE_TESTABILITY = YES;
				GCC_C_LANGUAGE_STANDARD = gnu99;
				GCC_DYNAMIC_NO_PIC = NO;
				GCC_NO_COMMON_BLOCKS = YES;
				GCC_OPTIMIZATION_LEVEL = 0;
				GCC_PREPROCESSOR_DEFINITIONS = (
					"DEBUG=1",
					"$(inherited)",
				);
				GCC_WARN_64_TO_32_BIT_CONVERSION = YES;
				GCC_WARN_ABOUT_RETURN_TYPE = YES_ERROR;
				GCC_WARN_UNDECLARED_SELECTOR = YES;
				GCC_WARN_UNINITIALIZED_AUTOS = YES_AGGRESSIVE;
				GCC_WARN_UNUSED_FUNCTION = YES;
				GCC_WARN_UNUSED_VARIABLE = YES;
				IPHONEOS_DEPLOYMENT_TARGET = 10.3;
				MTL_ENABLE_DEBUG_INFO = YES;
				ONLY_ACTIVE_ARCH = YES;
				SDKROOT = iphoneos;
			};
			name = Debug;
		};
		CC5155851F0555F100440F85 /* Release */ = {
			isa = XCBuildConfiguration;
			buildSettings = {
				ALWAYS_SEARCH_USER_PATHS = NO;
				CLANG_ANALYZER_NONNULL = YES;
				CLANG_ANALYZER_NUMBER_OBJECT_CONVERSION = YES_AGGRESSIVE;
				CLANG_CXX_LANGUAGE_STANDARD = "gnu++0x";
				CLANG_CXX_LIBRARY = "libc++";
				CLANG_ENABLE_MODULES = YES;
				CLANG_ENABLE_OBJC_ARC = YES;
				CLANG_WARN_BOOL_CONVERSION = YES;
				CLANG_WARN_CONSTANT_CONVERSION = YES;
				CLANG_WARN_DIRECT_OBJC_ISA_USAGE = YES_ERROR;
				CLANG_WARN_DOCUMENTATION_COMMENTS = YES;
				CLANG_WARN_EMPTY_BODY = YES;
				CLANG_WARN_ENUM_CONVERSION = YES;
				CLANG_WARN_INFINITE_RECURSION = YES;
				CLANG_WARN_INT_CONVERSION = YES;
				CLANG_WARN_OBJC_ROOT_CLASS = YES_ERROR;
				CLANG_WARN_SUSPICIOUS_MOVE = YES;
				CLANG_WARN_UNREACHABLE_CODE = YES;
				CLANG_WARN__DUPLICATE_METHOD_MATCH = YES;
				"CODE_SIGN_IDENTITY[sdk=iphoneos*]" = "iPhone Developer";
				COPY_PHASE_STRIP = NO;
				DEBUG_INFORMATION_FORMAT = "dwarf-with-dsym";
				ENABLE_NS_ASSERTIONS = NO;
				ENABLE_STRICT_OBJC_MSGSEND = YES;
				GCC_C_LANGUAGE_STANDARD = gnu99;
				GCC_NO_COMMON_BLOCKS = YES;
				GCC_WARN_64_TO_32_BIT_CONVERSION = YES;
				GCC_WARN_ABOUT_RETURN_TYPE = YES_ERROR;
				GCC_WARN_UNDECLARED_SELECTOR = YES;
				GCC_WARN_UNINITIALIZED_AUTOS = YES_AGGRESSIVE;
				GCC_WARN_UNUSED_FUNCTION = YES;
				GCC_WARN_UNUSED_VARIABLE = YES;
				IPHONEOS_DEPLOYMENT_TARGET = 10.3;
				MTL_ENABLE_DEBUG_INFO = NO;
				SDKROOT = iphoneos;
				VALIDATE_PRODUCT = YES;
			};
			name = Release;
		};
		CC5155871F0555F100440F85 /* Debug */ = {
			isa = XCBuildConfiguration;
			buildSettings = {
				ASSETCATALOG_COMPILER_APPICON_NAME = AppIcon;
				CODE_SIGN_ENTITLEMENTS = Maxi/Maxi.entitlements;
				DEVELOPMENT_TEAM = 5KA5NH492Q;
				INFOPLIST_FILE = Maxi/Info.plist;
				LD_RUNPATH_SEARCH_PATHS = "$(inherited) @executable_path/Frameworks";
				PRODUCT_BUNDLE_IDENTIFIER = ru.mpkupriyanov.Maxi;
				PRODUCT_NAME = "$(TARGET_NAME)";
			};
			name = Debug;
		};
		CC5155881F0555F100440F85 /* Release */ = {
			isa = XCBuildConfiguration;
			buildSettings = {
				ASSETCATALOG_COMPILER_APPICON_NAME = AppIcon;
				CODE_SIGN_ENTITLEMENTS = Maxi/Maxi.entitlements;
				DEVELOPMENT_TEAM = 5KA5NH492Q;
				INFOPLIST_FILE = Maxi/Info.plist;
				LD_RUNPATH_SEARCH_PATHS = "$(inherited) @executable_path/Frameworks";
				PRODUCT_BUNDLE_IDENTIFIER = ru.mpkupriyanov.Maxi;
				PRODUCT_NAME = "$(TARGET_NAME)";
			};
			name = Release;
		};
		CC5155B61F06474B00440F85 /* Debug */ = {
			isa = XCBuildConfiguration;
			buildSettings = {
				APPLICATION_EXTENSION_API_ONLY = NO;
				CODE_SIGN_ENTITLEMENTS = MaxiWidget/MaxiWidget.entitlements;
				DEVELOPMENT_TEAM = 5KA5NH492Q;
				INFOPLIST_FILE = MaxiWidget/Info.plist;
				LD_RUNPATH_SEARCH_PATHS = "$(inherited) @executable_path/Frameworks @executable_path/../../Frameworks";
				PRODUCT_BUNDLE_IDENTIFIER = ru.mpkupriyanov.Maxi.MaxiWidget;
				PRODUCT_NAME = "$(TARGET_NAME)";
				SKIP_INSTALL = YES;
			};
			name = Debug;
		};
		CC5155B71F06474B00440F85 /* Release */ = {
			isa = XCBuildConfiguration;
			buildSettings = {
				APPLICATION_EXTENSION_API_ONLY = NO;
				CODE_SIGN_ENTITLEMENTS = MaxiWidget/MaxiWidget.entitlements;
				DEVELOPMENT_TEAM = 5KA5NH492Q;
				INFOPLIST_FILE = MaxiWidget/Info.plist;
				LD_RUNPATH_SEARCH_PATHS = "$(inherited) @executable_path/Frameworks @executable_path/../../Frameworks";
				PRODUCT_BUNDLE_IDENTIFIER = ru.mpkupriyanov.Maxi.MaxiWidget;
				PRODUCT_NAME = "$(TARGET_NAME)";
				SKIP_INSTALL = YES;
			};
			name = Release;
		};
		CC5155CA1F06522B00440F85 /* Debug */ = {
			isa = XCBuildConfiguration;
			buildSettings = {
				CODE_SIGN_IDENTITY = "";
				CURRENT_PROJECT_VERSION = 1;
				DEFINES_MODULE = YES;
				DEVELOPMENT_TEAM = 5KA5NH492Q;
				DYLIB_COMPATIBILITY_VERSION = 1;
				DYLIB_CURRENT_VERSION = 1;
				DYLIB_INSTALL_NAME_BASE = "@rpath";
				INFOPLIST_FILE = MaxiQRCodeKit/Info.plist;
				INSTALL_PATH = "$(LOCAL_LIBRARY_DIR)/Frameworks";
				LD_RUNPATH_SEARCH_PATHS = "$(inherited) @executable_path/Frameworks @loader_path/Frameworks";
				PRODUCT_BUNDLE_IDENTIFIER = ru.mpkupriyanov.MaxiQRCodeKit;
				PRODUCT_NAME = "$(TARGET_NAME)";
				SKIP_INSTALL = YES;
				TARGETED_DEVICE_FAMILY = "1,2";
				VERSIONING_SYSTEM = "apple-generic";
				VERSION_INFO_PREFIX = "";
			};
			name = Debug;
		};
		CC5155CB1F06522B00440F85 /* Release */ = {
			isa = XCBuildConfiguration;
			buildSettings = {
				CODE_SIGN_IDENTITY = "";
				CURRENT_PROJECT_VERSION = 1;
				DEFINES_MODULE = YES;
				DEVELOPMENT_TEAM = 5KA5NH492Q;
				DYLIB_COMPATIBILITY_VERSION = 1;
				DYLIB_CURRENT_VERSION = 1;
				DYLIB_INSTALL_NAME_BASE = "@rpath";
				INFOPLIST_FILE = MaxiQRCodeKit/Info.plist;
				INSTALL_PATH = "$(LOCAL_LIBRARY_DIR)/Frameworks";
				LD_RUNPATH_SEARCH_PATHS = "$(inherited) @executable_path/Frameworks @loader_path/Frameworks";
				PRODUCT_BUNDLE_IDENTIFIER = ru.mpkupriyanov.MaxiQRCodeKit;
				PRODUCT_NAME = "$(TARGET_NAME)";
				SKIP_INSTALL = YES;
				TARGETED_DEVICE_FAMILY = "1,2";
				VERSIONING_SYSTEM = "apple-generic";
				VERSION_INFO_PREFIX = "";
			};
			name = Release;
		};
/* End XCBuildConfiguration section */

/* Begin XCConfigurationList section */
		CC51556A1F0555F100440F85 /* Build configuration list for PBXProject "Maxi" */ = {
			isa = XCConfigurationList;
			buildConfigurations = (
				CC5155841F0555F100440F85 /* Debug */,
				CC5155851F0555F100440F85 /* Release */,
			);
			defaultConfigurationIsVisible = 0;
			defaultConfigurationName = Release;
		};
		CC5155861F0555F100440F85 /* Build configuration list for PBXNativeTarget "Maxi" */ = {
			isa = XCConfigurationList;
			buildConfigurations = (
				CC5155871F0555F100440F85 /* Debug */,
				CC5155881F0555F100440F85 /* Release */,
			);
			defaultConfigurationIsVisible = 0;
			defaultConfigurationName = Release;
		};
		CC5155B51F06474B00440F85 /* Build configuration list for PBXNativeTarget "MaxiWidget" */ = {
			isa = XCConfigurationList;
			buildConfigurations = (
				CC5155B61F06474B00440F85 /* Debug */,
				CC5155B71F06474B00440F85 /* Release */,
			);
			defaultConfigurationIsVisible = 0;
			defaultConfigurationName = Release;
		};
		CC5155C91F06522B00440F85 /* Build configuration list for PBXNativeTarget "MaxiQRCodeKit" */ = {
			isa = XCConfigurationList;
			buildConfigurations = (
				CC5155CA1F06522B00440F85 /* Debug */,
				CC5155CB1F06522B00440F85 /* Release */,
			);
			defaultConfigurationIsVisible = 0;
			defaultConfigurationName = Release;
		};
/* End XCConfigurationList section */
	};
	rootObject = CC5155671F0555F100440F85 /* Project object */;
}
